
Microsoft Visual Studio Solution File, Format Version 12.00
# Visual Studio Version 16
VisualStudioVersion = 16.0.29926.136
MinimumVisualStudioVersion = 10.0.40219.1
Project("{FAE04EC0-301F-11D3-BF4B-00C04F79EFBC}") = "UdemySocketAsyncClient", "UdemySocketAsyncClient\UdemySocketAsyncClient.csproj", "{906735C2-5F83-4D67-9DED-7C44DC7561B4}"
EndProject
Global
	GlobalSection(SolutionConfigurationPlatforms) = preSolution
		Debug|Any CPU = Debug|Any CPU
		Release|Any CPU = Release|Any CPU
	EndGlobalSection
	GlobalSection(ProjectConfigurationPlatforms) = postSolution
		{906735C2-5F83-4D67-9DED-7C44DC7561B4}.Debug|Any CPU.ActiveCfg = Debug|Any CPU
		{906735C2-5F83-4D67-9DED-7C44DC7561B4}.Debug|Any CPU.Build.0 = Debug|Any CPU
		{906735C2-5F83-4D67-9DED-7C44DC7561B4}.Release|Any CPU.ActiveCfg = Release|Any CPU
		{906735C2-5F83-4D67-9DED-7C44DC7561B4}.Release|Any CPU.Build.0 = Release|Any CPU
	EndGlobalSection
	GlobalSection(SolutionProperties) = preSolution
		HideSolutionNode = FALSE
	EndGlobalSection
	GlobalSection(ExtensibilityGlobals) = postSolution
		SolutionGuid = {8B54C489-4BA6-40BE-9770-FE7C62FFD1B7}
	EndGlobalSection
EndGlobal
